
Microsoft Visual Studio Solution File, Format Version 12.00
# Visual Studio Version 17
VisualStudioVersion = 17.6.33723.286
MinimumVisualStudioVersion = 10.0.40219.1
Project("{FAE04EC0-301F-11D3-BF4B-00C04F79EFBC}") = "DapperASPNetCore", "DapperASPNetCore\DapperASPNetCore.csproj", "{A8EAABE4-44A2-4C6E-8FA5-98EE24C0929E}"
EndProject
Global
	GlobalSection(SolutionConfigurationPlatforms) = preSolution
		Debug|Any CPU = Debug|Any CPU
		Release|Any CPU = Release|Any CPU
	EndGlobalSection
	GlobalSection(ProjectConfigurationPlatforms) = postSolution
		{A8EAABE4-44A2-4C6E-8FA5-98EE24C0929E}.Debug|Any CPU.ActiveCfg = Debug|Any CPU
		{A8EAABE4-44A2-4C6E-8FA5-98EE24C0929E}.Debug|Any CPU.Build.0 = Debug|Any CPU
		{A8EAABE4-44A2-4C6E-8FA5-98EE24C0929E}.Release|Any CPU.ActiveCfg = Release|Any CPU
		{A8EAABE4-44A2-4C6E-8FA5-98EE24C0929E}.Release|Any CPU.Build.0 = Release|Any CPU
	EndGlobalSection
	GlobalSection(SolutionProperties) = preSolution
		HideSolutionNode = FALSE
	EndGlobalSection
	GlobalSection(ExtensibilityGlobals) = postSolution
		SolutionGuid = {0AC54298-10DF-4C5F-85E4-D7FBB733D2F2}
	EndGlobalSection
EndGlobal
